
Microsoft Visual Studio Solution File, Format Version 12.00
# Visual Studio 15
VisualStudioVersion = 15.0.27703.2042
MinimumVisualStudioVersion = 10.0.40219.1
Project("{FAE04EC0-301F-11D3-BF4B-00C04F79EFBC}") = "Factory", "Factory.csproj", "{931B9C4D-1AF7-4413-96AC-A6C4F466CB47}"
EndProject
Global
	GlobalSection(SolutionConfigurationPlatforms) = preSolution
		Debug|Any CPU = Debug|Any CPU
		Release|Any CPU = Release|Any CPU
	EndGlobalSection
	GlobalSection(ProjectConfigurationPlatforms) = postSolution
		{931B9C4D-1AF7-4413-96AC-A6C4F466CB47}.Debug|Any CPU.ActiveCfg = Debug|Any CPU
		{931B9C4D-1AF7-4413-96AC-A6C4F466CB47}.Debug|Any CPU.Build.0 = Debug|Any CPU
		{931B9C4D-1AF7-4413-96AC-A6C4F466CB47}.Release|Any CPU.ActiveCfg = Release|Any CPU
		{931B9C4D-1AF7-4413-96AC-A6C4F466CB47}.Release|Any CPU.Build.0 = Release|Any CPU
	EndGlobalSection
	GlobalSection(SolutionProperties) = preSolution
		HideSolutionNode = FALSE
	EndGlobalSection
	GlobalSection(ExtensibilityGlobals) = postSolution
		SolutionGuid = {5397BF93-D065-4079-9F11-92B794E263E7}
	EndGlobalSection
EndGlobal
